// !$*UTF8*$!
{
	archiveVersion = 1;
	classes = {
	};
	objectVersion = 51;
	objects = {

/* Begin PBXBuildFile section */
		3714B011E6986A0CCF46BD1C /* Pods_ExpensesTracker.framework in Frameworks */ = {isa = PBXBuildFile; fileRef = 5A067AC110A170D6F81F8F6A /* Pods_ExpensesTracker.framework */; };
		EB2FB10C24F992390088AE1B /* HomeView.swift in Sources */ = {isa = PBXBuildFile; fileRef = EB2FB10B24F992390088AE1B /* HomeView.swift */; };
		EB2FB10E24F995760088AE1B /* ExpensesBottomSheetViewModel.swift in Sources */ = {isa = PBXBuildFile; fileRef = EB2FB10D24F995760088AE1B /* ExpensesBottomSheetViewModel.swift */; };
		EB2FB11224F997600088AE1B /* ExpenseCell.swift in Sources */ = {isa = PBXBuildFile; fileRef = EB2FB11124F997600088AE1B /* ExpenseCell.swift */; };
		EB2FB11424F997DC0088AE1B /* ExpenseCellViewModel.swift in Sources */ = {isa = PBXBuildFile; fileRef = EB2FB11324F997DC0088AE1B /* ExpenseCellViewModel.swift */; };
		EB2FB11624F997F90088AE1B /* ExpensesBottomSheetView.swift in Sources */ = {isa = PBXBuildFile; fileRef = EB2FB11524F997F90088AE1B /* ExpensesBottomSheetView.swift */; };
		EB792EA124F99E8F00324B41 /* AddExpenseViewModel.swift in Sources */ = {isa = PBXBuildFile; fileRef = EB792EA024F99E8F00324B41 /* AddExpenseViewModel.swift */; };
		EB792EA324F99F3000324B41 /* AddExpenseView.swift in Sources */ = {isa = PBXBuildFile; fileRef = EB792EA224F99F3000324B41 /* AddExpenseView.swift */; };
		EBDAAA3824F477DD0040E1D6 /* AppDelegate.swift in Sources */ = {isa = PBXBuildFile; fileRef = EBDAAA3724F477DD0040E1D6 /* AppDelegate.swift */; };
		EBDAAA3A24F477DD0040E1D6 /* SceneDelegate.swift in Sources */ = {isa = PBXBuildFile; fileRef = EBDAAA3924F477DD0040E1D6 /* SceneDelegate.swift */; };
		EBDAAA3E24F477DE0040E1D6 /* Assets.xcassets in Resources */ = {isa = PBXBuildFile; fileRef = EBDAAA3D24F477DE0040E1D6 /* Assets.xcassets */; };
		EBDAAA4124F477DE0040E1D6 /* Preview Assets.xcassets in Resources */ = {isa = PBXBuildFile; fileRef = EBDAAA4024F477DE0040E1D6 /* Preview Assets.xcassets */; };
		EBDAAA4424F477DE0040E1D6 /* LaunchScreen.storyboard in Resources */ = {isa = PBXBuildFile; fileRef = EBDAAA4224F477DE0040E1D6 /* LaunchScreen.storyboard */; };
		EBF0483324F47A3800A0F04A /* GoogleService-Info.plist in Resources */ = {isa = PBXBuildFile; fileRef = EBF0483224F47A3800A0F04A /* GoogleService-Info.plist */; };
		EBF0483624F47A6400A0F04A /* UserData.swift in Sources */ = {isa = PBXBuildFile; fileRef = EBF0483424F47A6400A0F04A /* UserData.swift */; };
		EBF0483724F47A6400A0F04A /* Expense.swift in Sources */ = {isa = PBXBuildFile; fileRef = EBF0483524F47A6400A0F04A /* Expense.swift */; };
		EBF0483C24F47A6D00A0F04A /* SignUpView.swift in Sources */ = {isa = PBXBuildFile; fileRef = EBF0483824F47A6D00A0F04A /* SignUpView.swift */; };
		EBF0483D24F47A6D00A0F04A /* SignInView.swift in Sources */ = {isa = PBXBuildFile; fileRef = EBF0483924F47A6D00A0F04A /* SignInView.swift */; };
		EBF0483F24F47A6D00A0F04A /* InitialView.swift in Sources */ = {isa = PBXBuildFile; fileRef = EBF0483B24F47A6D00A0F04A /* InitialView.swift */; };
		EBF0484424F47A7800A0F04A /* HomeViewModel.swift in Sources */ = {isa = PBXBuildFile; fileRef = EBF0484024F47A7700A0F04A /* HomeViewModel.swift */; };
		EBF0484524F47A7800A0F04A /* InitialViewModel.swift in Sources */ = {isa = PBXBuildFile; fileRef = EBF0484124F47A7700A0F04A /* InitialViewModel.swift */; };
		EBF0484624F47A7800A0F04A /* SignUpViewModel.swift in Sources */ = {isa = PBXBuildFile; fileRef = EBF0484224F47A7800A0F04A /* SignUpViewModel.swift */; };
		EBF0484724F47A7800A0F04A /* SignInViewModel.swift in Sources */ = {isa = PBXBuildFile; fileRef = EBF0484324F47A7800A0F04A /* SignInViewModel.swift */; };
		EBF0484A24F47A8300A0F04A /* UserDataRepository.swift in Sources */ = {isa = PBXBuildFile; fileRef = EBF0484824F47A8200A0F04A /* UserDataRepository.swift */; };
		EBF0484B24F47A8300A0F04A /* ExpensesRepository.swift in Sources */ = {isa = PBXBuildFile; fileRef = EBF0484924F47A8300A0F04A /* ExpensesRepository.swift */; };
		EBF0484E24F47A8A00A0F04A /* FirestoreService.swift in Sources */ = {isa = PBXBuildFile; fileRef = EBF0484C24F47A8A00A0F04A /* FirestoreService.swift */; };
		EBF0484F24F47A8A00A0F04A /* AuthService.swift in Sources */ = {isa = PBXBuildFile; fileRef = EBF0484D24F47A8A00A0F04A /* AuthService.swift */; };
		EBF0485324F47A9000A0F04A /* Enums.swift in Sources */ = {isa = PBXBuildFile; fileRef = EBF0485024F47A9000A0F04A /* Enums.swift */; };
		EBF0485424F47A9000A0F04A /* Extensions.swift in Sources */ = {isa = PBXBuildFile; fileRef = EBF0485124F47A9000A0F04A /* Extensions.swift */; };
		EBF0485524F47A9000A0F04A /* FirestoreListener.swift in Sources */ = {isa = PBXBuildFile; fileRef = EBF0485224F47A9000A0F04A /* FirestoreListener.swift */; };
/* End PBXBuildFile section */

/* Begin PBXFileReference section */
		2C85EF9B2867B11F9F3CCCDE /* Pods-ExpensesTracker.debug.xcconfig */ = {isa = PBXFileReference; includeInIndex = 1; lastKnownFileType = text.xcconfig; name = "Pods-ExpensesTracker.debug.xcconfig"; path = "Target Support Files/Pods-ExpensesTracker/Pods-ExpensesTracker.debug.xcconfig"; sourceTree = "<group>"; };
		321F74D7AEF046852725563D /* Pods-ExpensesTracker.release.xcconfig */ = {isa = PBXFileReference; includeInIndex = 1; lastKnownFileType = text.xcconfig; name = "Pods-ExpensesTracker.release.xcconfig"; path = "Target Support Files/Pods-ExpensesTracker/Pods-ExpensesTracker.release.xcconfig"; sourceTree = "<group>"; };
		5A067AC110A170D6F81F8F6A /* Pods_ExpensesTracker.framework */ = {isa = PBXFileReference; explicitFileType = wrapper.framework; includeInIndex = 0; path = Pods_ExpensesTracker.framework; sourceTree = BUILT_PRODUCTS_DIR; };
		EB2FB10B24F992390088AE1B /* HomeView.swift */ = {isa = PBXFileReference; lastKnownFileType = sourcecode.swift; path = HomeView.swift; sourceTree = "<group>"; };
		EB2FB10D24F995760088AE1B /* ExpensesBottomSheetViewModel.swift */ = {isa = PBXFileReference; lastKnownFileType = sourcecode.swift; path = ExpensesBottomSheetViewModel.swift; sourceTree = "<group>"; };
		EB2FB11124F997600088AE1B /* ExpenseCell.swift */ = {isa = PBXFileReference; lastKnownFileType = sourcecode.swift; path = ExpenseCell.swift; sourceTree = "<group>"; };
		EB2FB11324F997DC0088AE1B /* ExpenseCellViewModel.swift */ = {isa = PBXFileReference; lastKnownFileType = sourcecode.swift; path = ExpenseCellViewModel.swift; sourceTree = "<group>"; };
		EB2FB11524F997F90088AE1B /* ExpensesBottomSheetView.swift */ = {isa = PBXFileReference; lastKnownFileType = sourcecode.swift; path = ExpensesBottomSheetView.swift; sourceTree = "<group>"; };
		EB792EA024F99E8F00324B41 /* AddExpenseViewModel.swift */ = {isa = PBXFileReference; lastKnownFileType = sourcecode.swift; path = AddExpenseViewModel.swift; sourceTree = "<group>"; };
		EB792EA224F99F3000324B41 /* AddExpenseView.swift */ = {isa = PBXFileReference; lastKnownFileType = sourcecode.swift; path = AddExpenseView.swift; sourceTree = "<group>"; };
		EBDAAA3424F477DD0040E1D6 /* ExpensesTracker.app */ = {isa = PBXFileReference; explicitFileType = wrapper.application; includeInIndex = 0; path = ExpensesTracker.app; sourceTree = BUILT_PRODUCTS_DIR; };
		EBDAAA3724F477DD0040E1D6 /* AppDelegate.swift */ = {isa = PBXFileReference; lastKnownFileType = sourcecode.swift; path = AppDelegate.swift; sourceTree = "<group>"; };
		EBDAAA3924F477DD0040E1D6 /* SceneDelegate.swift */ = {isa = PBXFileReference; lastKnownFileType = sourcecode.swift; path = SceneDelegate.swift; sourceTree = "<group>"; };
		EBDAAA3D24F477DE0040E1D6 /* Assets.xcassets */ = {isa = PBXFileReference; lastKnownFileType = folder.assetcatalog; path = Assets.xcassets; sourceTree = "<group>"; };
		EBDAAA4024F477DE0040E1D6 /* Preview Assets.xcassets */ = {isa = PBXFileReference; lastKnownFileType = folder.assetcatalog; path = "Preview Assets.xcassets"; sourceTree = "<group>"; };
		EBDAAA4324F477DE0040E1D6 /* Base */ = {isa = PBXFileReference; lastKnownFileType = file.storyboard; name = Base; path = Base.lproj/LaunchScreen.storyboard; sourceTree = "<group>"; };
		EBDAAA4524F477DE0040E1D6 /* Info.plist */ = {isa = PBXFileReference; lastKnownFileType = text.plist.xml; path = Info.plist; sourceTree = "<group>"; };
		EBF0483224F47A3800A0F04A /* GoogleService-Info.plist */ = {isa = PBXFileReference; fileEncoding = 4; lastKnownFileType = text.plist.xml; path = "GoogleService-Info.plist"; sourceTree = "<group>"; };
		EBF0483424F47A6400A0F04A /* UserData.swift */ = {isa = PBXFileReference; fileEncoding = 4; lastKnownFileType = sourcecode.swift; path = UserData.swift; sourceTree = "<group>"; };
		EBF0483524F47A6400A0F04A /* Expense.swift */ = {isa = PBXFileReference; fileEncoding = 4; lastKnownFileType = sourcecode.swift; path = Expense.swift; sourceTree = "<group>"; };
		EBF0483824F47A6D00A0F04A /* SignUpView.swift */ = {isa = PBXFileReference; fileEncoding = 4; lastKnownFileType = sourcecode.swift; path = SignUpView.swift; sourceTree = "<group>"; };
		EBF0483924F47A6D00A0F04A /* SignInView.swift */ = {isa = PBXFileReference; fileEncoding = 4; lastKnownFileType = sourcecode.swift; path = SignInView.swift; sourceTree = "<group>"; };
		EBF0483B24F47A6D00A0F04A /* InitialView.swift */ = {isa = PBXFileReference; fileEncoding = 4; lastKnownFileType = sourcecode.swift; path = InitialView.swift; sourceTree = "<group>"; };
		EBF0484024F47A7700A0F04A /* HomeViewModel.swift */ = {isa = PBXFileReference; fileEncoding = 4; lastKnownFileType = sourcecode.swift; path = HomeViewModel.swift; sourceTree = "<group>"; };
		EBF0484124F47A7700A0F04A /* InitialViewModel.swift */ = {isa = PBXFileReference; fileEncoding = 4; lastKnownFileType = sourcecode.swift; path = InitialViewModel.swift; sourceTree = "<group>"; };
		EBF0484224F47A7800A0F04A /* SignUpViewModel.swift */ = {isa = PBXFileReference; fileEncoding = 4; lastKnownFileType = sourcecode.swift; path = SignUpViewModel.swift; sourceTree = "<group>"; };
		EBF0484324F47A7800A0F04A /* SignInViewModel.swift */ = {isa = PBXFileReference; fileEncoding = 4; lastKnownFileType = sourcecode.swift; path = SignInViewModel.swift; sourceTree = "<group>"; };
		EBF0484824F47A8200A0F04A /* UserDataRepository.swift */ = {isa = PBXFileReference; fileEncoding = 4; lastKnownFileType = sourcecode.swift; path = UserDataRepository.swift; sourceTree = "<group>"; };
		EBF0484924F47A8300A0F04A /* ExpensesRepository.swift */ = {isa = PBXFileReference; fileEncoding = 4; lastKnownFileType = sourcecode.swift; path = ExpensesRepository.swift; sourceTree = "<group>"; };
		EBF0484C24F47A8A00A0F04A /* FirestoreService.swift */ = {isa = PBXFileReference; fileEncoding = 4; lastKnownFileType = sourcecode.swift; path = FirestoreService.swift; sourceTree = "<group>"; };
		EBF0484D24F47A8A00A0F04A /* AuthService.swift */ = {isa = PBXFileReference; fileEncoding = 4; lastKnownFileType = sourcecode.swift; path = AuthService.swift; sourceTree = "<group>"; };
		EBF0485024F47A9000A0F04A /* Enums.swift */ = {isa = PBXFileReference; fileEncoding = 4; lastKnownFileType = sourcecode.swift; path = Enums.swift; sourceTree = "<group>"; };
		EBF0485124F47A9000A0F04A /* Extensions.swift */ = {isa = PBXFileReference; fileEncoding = 4; lastKnownFileType = sourcecode.swift; path = Extensions.swift; sourceTree = "<group>"; };
		EBF0485224F47A9000A0F04A /* FirestoreListener.swift */ = {isa = PBXFileReference; fileEncoding = 4; lastKnownFileType = sourcecode.swift; path = FirestoreListener.swift; sourceTree = "<group>"; };
/* End PBXFileReference section */

/* Begin PBXFrameworksBuildPhase section */
		EBDAAA3124F477DD0040E1D6 /* Frameworks */ = {
			isa = PBXFrameworksBuildPhase;
			buildActionMask = 2147483647;
			files = (
				3714B011E6986A0CCF46BD1C /* Pods_ExpensesTracker.framework in Frameworks */,
			);
			runOnlyForDeploymentPostprocessing = 0;
		};
/* End PBXFrameworksBuildPhase section */

/* Begin PBXGroup section */
		2077BCC545F89FBB3A3397F7 /* Pods */ = {
			isa = PBXGroup;
			children = (
				2C85EF9B2867B11F9F3CCCDE /* Pods-ExpensesTracker.debug.xcconfig */,
				321F74D7AEF046852725563D /* Pods-ExpensesTracker.release.xcconfig */,
			);
			path = Pods;
			sourceTree = "<group>";
		};
		D04BE300B06FF957570CFCD1 /* Frameworks */ = {
			isa = PBXGroup;
			children = (
				5A067AC110A170D6F81F8F6A /* Pods_ExpensesTracker.framework */,
			);
			name = Frameworks;
			sourceTree = "<group>";
		};
		EB1A333D24F47934009D5FAC /* Supporting Files */ = {
			isa = PBXGroup;
			children = (
				EBDAAA3D24F477DE0040E1D6 /* Assets.xcassets */,
				EBDAAA4224F477DE0040E1D6 /* LaunchScreen.storyboard */,
				EBDAAA4524F477DE0040E1D6 /* Info.plist */,
				EBF0483224F47A3800A0F04A /* GoogleService-Info.plist */,
			);
			name = "Supporting Files";
			sourceTree = "<group>";
		};
		EB1A333E24F47946009D5FAC /* App */ = {
			isa = PBXGroup;
			children = (
				EBDAAA3724F477DD0040E1D6 /* AppDelegate.swift */,
				EBDAAA3924F477DD0040E1D6 /* SceneDelegate.swift */,
			);
			path = App;
			sourceTree = "<group>";
		};
		EB2FB10F24F9973E0088AE1B /* Reusables */ = {
			isa = PBXGroup;
			children = (
				EB2FB11124F997600088AE1B /* ExpenseCell.swift */,
				EB2FB11524F997F90088AE1B /* ExpensesBottomSheetView.swift */,
			);
			path = Reusables;
			sourceTree = "<group>";
		};
		EB2FB11024F997500088AE1B /* Reusables */ = {
			isa = PBXGroup;
			children = (
				EB2FB11324F997DC0088AE1B /* ExpenseCellViewModel.swift */,
				EB2FB10D24F995760088AE1B /* ExpensesBottomSheetViewModel.swift */,
			);
			path = Reusables;
			sourceTree = "<group>";
		};
		EBDAAA2B24F477DD0040E1D6 = {
			isa = PBXGroup;
			children = (
				EBDAAA3624F477DD0040E1D6 /* ExpensesTracker */,
				EBDAAA3524F477DD0040E1D6 /* Products */,
				2077BCC545F89FBB3A3397F7 /* Pods */,
				D04BE300B06FF957570CFCD1 /* Frameworks */,
			);
			sourceTree = "<group>";
		};
		EBDAAA3524F477DD0040E1D6 /* Products */ = {
			isa = PBXGroup;
			children = (
				EBDAAA3424F477DD0040E1D6 /* ExpensesTracker.app */,
			);
			name = Products;
			sourceTree = "<group>";
		};
		EBDAAA3624F477DD0040E1D6 /* ExpensesTracker */ = {
			isa = PBXGroup;
			children = (
				EB1A333E24F47946009D5FAC /* App */,
				EBF0482C24F479BF00A0F04A /* Models */,
				EBF0482D24F479C700A0F04A /* Views */,
				EBF0482E24F479CA00A0F04A /* ViewModels */,
				EBF0482F24F479DB00A0F04A /* Repositories */,
				EBF0483024F479E500A0F04A /* Services */,
				EBF0483124F479ED00A0F04A /* Utilities */,
				EB1A333D24F47934009D5FAC /* Supporting Files */,
				EBDAAA3F24F477DE0040E1D6 /* Preview Content */,
			);
			path = ExpensesTracker;
			sourceTree = "<group>";
		};
		EBDAAA3F24F477DE0040E1D6 /* Preview Content */ = {
			isa = PBXGroup;
			children = (
				EBDAAA4024F477DE0040E1D6 /* Preview Assets.xcassets */,
			);
			path = "Preview Content";
			sourceTree = "<group>";
		};
		EBF0482C24F479BF00A0F04A /* Models */ = {
			isa = PBXGroup;
			children = (
				EBF0483524F47A6400A0F04A /* Expense.swift */,
				EBF0483424F47A6400A0F04A /* UserData.swift */,
			);
			path = Models;
			sourceTree = "<group>";
		};
		EBF0482D24F479C700A0F04A /* Views */ = {
			isa = PBXGroup;
			children = (
				EB2FB10F24F9973E0088AE1B /* Reusables */,
				EBF0483B24F47A6D00A0F04A /* InitialView.swift */,
				EBF0483824F47A6D00A0F04A /* SignUpView.swift */,
				EBF0483924F47A6D00A0F04A /* SignInView.swift */,
				EB2FB10B24F992390088AE1B /* HomeView.swift */,
				EB792EA224F99F3000324B41 /* AddExpenseView.swift */,
			);
			path = Views;
			sourceTree = "<group>";
		};
		EBF0482E24F479CA00A0F04A /* ViewModels */ = {
			isa = PBXGroup;
			children = (
				EB2FB11024F997500088AE1B /* Reusables */,
				EBF0484124F47A7700A0F04A /* InitialViewModel.swift */,
				EBF0484224F47A7800A0F04A /* SignUpViewModel.swift */,
				EBF0484324F47A7800A0F04A /* SignInViewModel.swift */,
				EBF0484024F47A7700A0F04A /* HomeViewModel.swift */,
				EB792EA024F99E8F00324B41 /* AddExpenseViewModel.swift */,
			);
			path = ViewModels;
			sourceTree = "<group>";
		};
		EBF0482F24F479DB00A0F04A /* Repositories */ = {
			isa = PBXGroup;
			children = (
				EBF0484924F47A8300A0F04A /* ExpensesRepository.swift */,
				EBF0484824F47A8200A0F04A /* UserDataRepository.swift */,
			);
			path = Repositories;
			sourceTree = "<group>";
		};
		EBF0483024F479E500A0F04A /* Services */ = {
			isa = PBXGroup;
			children = (
				EBF0484D24F47A8A00A0F04A /* AuthService.swift */,
				EBF0484C24F47A8A00A0F04A /* FirestoreService.swift */,
			);
			path = Services;
			sourceTree = "<group>";
		};
		EBF0483124F479ED00A0F04A /* Utilities */ = {
			isa = PBXGroup;
			children = (
				EBF0485024F47A9000A0F04A /* Enums.swift */,
				EBF0485124F47A9000A0F04A /* Extensions.swift */,
				EBF0485224F47A9000A0F04A /* FirestoreListener.swift */,
			);
			path = Utilities;
			sourceTree = "<group>";
		};
/* End PBXGroup section */

/* Begin PBXNativeTarget section */
		EBDAAA3324F477DD0040E1D6 /* ExpensesTracker */ = {
			isa = PBXNativeTarget;
			buildConfigurationList = EBDAAA4824F477DE0040E1D6 /* Build configuration list for PBXNativeTarget "ExpensesTracker" */;
			buildPhases = (
				11CDA2299E9685E7D608676F /* [CP] Check Pods Manifest.lock */,
				EBDAAA3024F477DD0040E1D6 /* Sources */,
				EBDAAA3124F477DD0040E1D6 /* Frameworks */,
				EBDAAA3224F477DD0040E1D6 /* Resources */,
				6DB9AC7A769FBDAB56DBDCF3 /* [CP] Embed Pods Frameworks */,
				89B73AB8AE4F8057DD615065 /* [CP] Copy Pods Resources */,
			);
			buildRules = (
			);
			dependencies = (
			);
			name = ExpensesTracker;
			productName = ExpensesTracker;
			productReference = EBDAAA3424F477DD0040E1D6 /* ExpensesTracker.app */;
			productType = "com.apple.product-type.application";
		};
/* End PBXNativeTarget section */

/* Begin PBXProject section */
		EBDAAA2C24F477DD0040E1D6 /* Project object */ = {
			isa = PBXProject;
			attributes = {
				LastSwiftUpdateCheck = 1150;
				LastUpgradeCheck = 1150;
				ORGANIZATIONNAME = "Abdulelah Hajjar";
				TargetAttributes = {
					EBDAAA3324F477DD0040E1D6 = {
						CreatedOnToolsVersion = 11.5;
					};
				};
			};
			buildConfigurationList = EBDAAA2F24F477DD0040E1D6 /* Build configuration list for PBXProject "ExpensesTracker" */;
			compatibilityVersion = "Xcode 9.3";
			developmentRegion = en;
			hasScannedForEncodings = 0;
			knownRegions = (
				en,
				Base,
			);
			mainGroup = EBDAAA2B24F477DD0040E1D6;
			productRefGroup = EBDAAA3524F477DD0040E1D6 /* Products */;
			projectDirPath = "";
			projectRoot = "";
			targets = (
				EBDAAA3324F477DD0040E1D6 /* ExpensesTracker */,
			);
		};
/* End PBXProject section */

/* Begin PBXResourcesBuildPhase section */
		EBDAAA3224F477DD0040E1D6 /* Resources */ = {
			isa = PBXResourcesBuildPhase;
			buildActionMask = 2147483647;
			files = (
				EBDAAA4424F477DE0040E1D6 /* LaunchScreen.storyboard in Resources */,
				EBF0483324F47A3800A0F04A /* GoogleService-Info.plist in Resources */,
				EBDAAA4124F477DE0040E1D6 /* Preview Assets.xcassets in Resources */,
				EBDAAA3E24F477DE0040E1D6 /* Assets.xcassets in Resources */,
			);
			runOnlyForDeploymentPostprocessing = 0;
		};
/* End PBXResourcesBuildPhase section */

/* Begin PBXShellScriptBuildPhase section */
		11CDA2299E9685E7D608676F /* [CP] Check Pods Manifest.lock */ = {
			isa = PBXShellScriptBuildPhase;
			buildActionMask = 2147483647;
			files = (
			);
			inputFileListPaths = (
			);
			inputPaths = (
				"${PODS_PODFILE_DIR_PATH}/Podfile.lock",
				"${PODS_ROOT}/Manifest.lock",
			);
			name = "[CP] Check Pods Manifest.lock";
			outputFileListPaths = (
			);
			outputPaths = (
				"$(DERIVED_FILE_DIR)/Pods-ExpensesTracker-checkManifestLockResult.txt",
			);
			runOnlyForDeploymentPostprocessing = 0;
			shellPath = /bin/sh;
			shellScript = "diff \"${PODS_PODFILE_DIR_PATH}/Podfile.lock\" \"${PODS_ROOT}/Manifest.lock\" > /dev/null\nif [ $? != 0 ] ; then\n    # print error to STDERR\n    echo \"error: The sandbox is not in sync with the Podfile.lock. Run 'pod install' or update your CocoaPods installation.\" >&2\n    exit 1\nfi\n# This output is used by Xcode 'outputs' to avoid re-running this script phase.\necho \"SUCCESS\" > \"${SCRIPT_OUTPUT_FILE_0}\"\n";
			showEnvVarsInLog = 0;
		};
		6DB9AC7A769FBDAB56DBDCF3 /* [CP] Embed Pods Frameworks */ = {
			isa = PBXShellScriptBuildPhase;
			buildActionMask = 2147483647;
			files = (
			);
			inputFileListPaths = (
				"${PODS_ROOT}/Target Support Files/Pods-ExpensesTracker/Pods-ExpensesTracker-frameworks-${CONFIGURATION}-input-files.xcfilelist",
			);
			name = "[CP] Embed Pods Frameworks";
			outputFileListPaths = (
				"${PODS_ROOT}/Target Support Files/Pods-ExpensesTracker/Pods-ExpensesTracker-frameworks-${CONFIGURATION}-output-files.xcfilelist",
			);
			runOnlyForDeploymentPostprocessing = 0;
			shellPath = /bin/sh;
			shellScript = "\"${PODS_ROOT}/Target Support Files/Pods-ExpensesTracker/Pods-ExpensesTracker-frameworks.sh\"\n";
			showEnvVarsInLog = 0;
		};
		89B73AB8AE4F8057DD615065 /* [CP] Copy Pods Resources */ = {
			isa = PBXShellScriptBuildPhase;
			buildActionMask = 2147483647;
			files = (
			);
			inputFileListPaths = (
				"${PODS_ROOT}/Target Support Files/Pods-ExpensesTracker/Pods-ExpensesTracker-resources-${CONFIGURATION}-input-files.xcfilelist",
			);
			name = "[CP] Copy Pods Resources";
			outputFileListPaths = (
				"${PODS_ROOT}/Target Support Files/Pods-ExpensesTracker/Pods-ExpensesTracker-resources-${CONFIGURATION}-output-files.xcfilelist",
			);
			runOnlyForDeploymentPostprocessing = 0;
			shellPath = /bin/sh;
			shellScript = "\"${PODS_ROOT}/Target Support Files/Pods-ExpensesTracker/Pods-ExpensesTracker-resources.sh\"\n";
			showEnvVarsInLog = 0;
		};
/* End PBXShellScriptBuildPhase section */

/* Begin PBXSourcesBuildPhase section */
		EBDAAA3024F477DD0040E1D6 /* Sources */ = {
			isa = PBXSourcesBuildPhase;
			buildActionMask = 2147483647;
			files = (
				EBF0483D24F47A6D00A0F04A /* SignInView.swift in Sources */,
				EBF0485424F47A9000A0F04A /* Extensions.swift in Sources */,
				EBF0484E24F47A8A00A0F04A /* FirestoreService.swift in Sources */,
				EB792EA124F99E8F00324B41 /* AddExpenseViewModel.swift in Sources */,
				EBF0484524F47A7800A0F04A /* InitialViewModel.swift in Sources */,
				EB2FB11224F997600088AE1B /* ExpenseCell.swift in Sources */,
				EBF0485524F47A9000A0F04A /* FirestoreListener.swift in Sources */,
				EBF0484B24F47A8300A0F04A /* ExpensesRepository.swift in Sources */,
				EB2FB10E24F995760088AE1B /* ExpensesBottomSheetViewModel.swift in Sources */,
				EB2FB11624F997F90088AE1B /* ExpensesBottomSheetView.swift in Sources */,
				EBF0484424F47A7800A0F04A /* HomeViewModel.swift in Sources */,
				EBF0485324F47A9000A0F04A /* Enums.swift in Sources */,
				EBF0483F24F47A6D00A0F04A /* InitialView.swift in Sources */,
				EBF0483724F47A6400A0F04A /* Expense.swift in Sources */,
				EBF0483C24F47A6D00A0F04A /* SignUpView.swift in Sources */,
				EBF0483624F47A6400A0F04A /* UserData.swift in Sources */,
				EBF0484A24F47A8300A0F04A /* UserDataRepository.swift in Sources */,
				EBF0484724F47A7800A0F04A /* SignInViewModel.swift in Sources */,
				EBDAAA3824F477DD0040E1D6 /* AppDelegate.swift in Sources */,
				EB2FB11424F997DC0088AE1B /* ExpenseCellViewModel.swift in Sources */,
				EBF0484624F47A7800A0F04A /* SignUpViewModel.swift in Sources */,
				EBDAAA3A24F477DD0040E1D6 /* SceneDelegate.swift in Sources */,
				EB792EA324F99F3000324B41 /* AddExpenseView.swift in Sources */,
				EBF0484F24F47A8A00A0F04A /* AuthService.swift in Sources */,
				EB2FB10C24F992390088AE1B /* HomeView.swift in Sources */,
			);
			runOnlyForDeploymentPostprocessing = 0;
		};
/* End PBXSourcesBuildPhase section */

/* Begin PBXVariantGroup section */
		EBDAAA4224F477DE0040E1D6 /* LaunchScreen.storyboard */ = {
			isa = PBXVariantGroup;
			children = (
				EBDAAA4324F477DE0040E1D6 /* Base */,
			);
			name = LaunchScreen.storyboard;
			sourceTree = "<group>";
		};
/* End PBXVariantGroup section */

/* Begin XCBuildConfiguration section */
		EBDAAA4624F477DE0040E1D6 /* Debug */ = {
			isa = XCBuildConfiguration;
			buildSettings = {
				ALWAYS_SEARCH_USER_PATHS = NO;
				CLANG_ANALYZER_NONNULL = YES;
				CLANG_ANALYZER_NUMBER_OBJECT_CONVERSION = YES_AGGRESSIVE;
				CLANG_CXX_LANGUAGE_STANDARD = "gnu++14";
				CLANG_CXX_LIBRARY = "libc++";
				CLANG_ENABLE_MODULES = YES;
				CLANG_ENABLE_OBJC_ARC = YES;
				CLANG_ENABLE_OBJC_WEAK = YES;
				CLANG_WARN_BLOCK_CAPTURE_AUTORELEASING = YES;
				CLANG_WARN_BOOL_CONVERSION = YES;
				CLANG_WARN_COMMA = YES;
				CLANG_WARN_CONSTANT_CONVERSION = YES;
				CLANG_WARN_DEPRECATED_OBJC_IMPLEMENTATIONS = YES;
				CLANG_WARN_DIRECT_OBJC_ISA_USAGE = YES_ERROR;
				CLANG_WARN_DOCUMENTATION_COMMENTS = YES;
				CLANG_WARN_EMPTY_BODY = YES;
				CLANG_WARN_ENUM_CONVERSION = YES;
				CLANG_WARN_INFINITE_RECURSION = YES;
				CLANG_WARN_INT_CONVERSION = YES;
				CLANG_WARN_NON_LITERAL_NULL_CONVERSION = YES;
				CLANG_WARN_OBJC_IMPLICIT_RETAIN_SELF = YES;
				CLANG_WARN_OBJC_LITERAL_CONVERSION = YES;
				CLANG_WARN_OBJC_ROOT_CLASS = YES_ERROR;
				CLANG_WARN_RANGE_LOOP_ANALYSIS = YES;
				CLANG_WARN_STRICT_PROTOTYPES = YES;
				CLANG_WARN_SUSPICIOUS_MOVE = YES;
				CLANG_WARN_UNGUARDED_AVAILABILITY = YES_AGGRESSIVE;
				CLANG_WARN_UNREACHABLE_CODE = YES;
				CLANG_WARN__DUPLICATE_METHOD_MATCH = YES;
				COPY_PHASE_STRIP = NO;
				DEBUG_INFORMATION_FORMAT = dwarf;
				ENABLE_STRICT_OBJC_MSGSEND = YES;
				ENABLE_TESTABILITY = YES;
				GCC_C_LANGUAGE_STANDARD = gnu11;
				GCC_DYNAMIC_NO_PIC = NO;
				GCC_NO_COMMON_BLOCKS = YES;
				GCC_OPTIMIZATION_LEVEL = 0;
				GCC_PREPROCESSOR_DEFINITIONS = (
					"DEBUG=1",
					"$(inherited)",
				);
				GCC_WARN_64_TO_32_BIT_CONVERSION = YES;
				GCC_WARN_ABOUT_RETURN_TYPE = YES_ERROR;
				GCC_WARN_UNDECLARED_SELECTOR = YES;
				GCC_WARN_UNINITIALIZED_AUTOS = YES_AGGRESSIVE;
				GCC_WARN_UNUSED_FUNCTION = YES;
				GCC_WARN_UNUSED_VARIABLE = YES;
				IPHONEOS_DEPLOYMENT_TARGET = 13.5;
				MTL_ENABLE_DEBUG_INFO = INCLUDE_SOURCE;
				MTL_FAST_MATH = YES;
				ONLY_ACTIVE_ARCH = YES;
				SDKROOT = iphoneos;
				SWIFT_ACTIVE_COMPILATION_CONDITIONS = DEBUG;
				SWIFT_OPTIMIZATION_LEVEL = "-Onone";
			};
			name = Debug;
		};
		EBDAAA4724F477DE0040E1D6 /* Release */ = {
			isa = XCBuildConfiguration;
			buildSettings = {
				ALWAYS_SEARCH_USER_PATHS = NO;
				CLANG_ANALYZER_NONNULL = YES;
				CLANG_ANALYZER_NUMBER_OBJECT_CONVERSION = YES_AGGRESSIVE;
				CLANG_CXX_LANGUAGE_STANDARD = "gnu++14";
				CLANG_CXX_LIBRARY = "libc++";
				CLANG_ENABLE_MODULES = YES;
				CLANG_ENABLE_OBJC_ARC = YES;
				CLANG_ENABLE_OBJC_WEAK = YES;
				CLANG_WARN_BLOCK_CAPTURE_AUTORELEASING = YES;
				CLANG_WARN_BOOL_CONVERSION = YES;
				CLANG_WARN_COMMA = YES;
				CLANG_WARN_CONSTANT_CONVERSION = YES;
				CLANG_WARN_DEPRECATED_OBJC_IMPLEMENTATIONS = YES;
				CLANG_WARN_DIRECT_OBJC_ISA_USAGE = YES_ERROR;
				CLANG_WARN_DOCUMENTATION_COMMENTS = YES;
				CLANG_WARN_EMPTY_BODY = YES;
				CLANG_WARN_ENUM_CONVERSION = YES;
				CLANG_WARN_INFINITE_RECURSION = YES;
				CLANG_WARN_INT_CONVERSION = YES;
				CLANG_WARN_NON_LITERAL_NULL_CONVERSION = YES;
				CLANG_WARN_OBJC_IMPLICIT_RETAIN_SELF = YES;
				CLANG_WARN_OBJC_LITERAL_CONVERSION = YES;
				CLANG_WARN_OBJC_ROOT_CLASS = YES_ERROR;
				CLANG_WARN_RANGE_LOOP_ANALYSIS = YES;
				CLANG_WARN_STRICT_PROTOTYPES = YES;
				CLANG_WARN_SUSPICIOUS_MOVE = YES;
				CLANG_WARN_UNGUARDED_AVAILABILITY = YES_AGGRESSIVE;
				CLANG_WARN_UNREACHABLE_CODE = YES;
				CLANG_WARN__DUPLICATE_METHOD_MATCH = YES;
				COPY_PHASE_STRIP = NO;
				DEBUG_INFORMATION_FORMAT = "dwarf-with-dsym";
				ENABLE_NS_ASSERTIONS = NO;
				ENABLE_STRICT_OBJC_MSGSEND = YES;
				GCC_C_LANGUAGE_STANDARD = gnu11;
				GCC_NO_COMMON_BLOCKS = YES;
				GCC_WARN_64_TO_32_BIT_CONVERSION = YES;
				GCC_WARN_ABOUT_RETURN_TYPE = YES_ERROR;
				GCC_WARN_UNDECLARED_SELECTOR = YES;
				GCC_WARN_UNINITIALIZED_AUTOS = YES_AGGRESSIVE;
				GCC_WARN_UNUSED_FUNCTION = YES;
				GCC_WARN_UNUSED_VARIABLE = YES;
				IPHONEOS_DEPLOYMENT_TARGET = 13.5;
				MTL_ENABLE_DEBUG_INFO = NO;
				MTL_FAST_MATH = YES;
				SDKROOT = iphoneos;
				SWIFT_COMPILATION_MODE = wholemodule;
				SWIFT_OPTIMIZATION_LEVEL = "-O";
				VALIDATE_PRODUCT = YES;
			};
			name = Release;
		};
		EBDAAA4924F477DE0040E1D6 /* Debug */ = {
			isa = XCBuildConfiguration;
			baseConfigurationReference = 2C85EF9B2867B11F9F3CCCDE /* Pods-ExpensesTracker.debug.xcconfig */;
			buildSettings = {
				ASSETCATALOG_COMPILER_APPICON_NAME = AppIcon;
				CODE_SIGN_STYLE = Automatic;
				DEVELOPMENT_ASSET_PATHS = "\"ExpensesTracker/Preview Content\"";
				DEVELOPMENT_TEAM = TP338A8XKT;
				ENABLE_PREVIEWS = YES;
				INFOPLIST_FILE = ExpensesTracker/Info.plist;
				LD_RUNPATH_SEARCH_PATHS = (
					"$(inherited)",
					"@executable_path/Frameworks",
				);
				PRODUCT_BUNDLE_IDENTIFIER = com.hajjar.ExpensesTracker;
				PRODUCT_NAME = "$(TARGET_NAME)";
				SWIFT_VERSION = 5.0;
				TARGETED_DEVICE_FAMILY = "1,2";
			};
			name = Debug;
		};
		EBDAAA4A24F477DE0040E1D6 /* Release */ = {
			isa = XCBuildConfiguration;
			baseConfigurationReference = 321F74D7AEF046852725563D /* Pods-ExpensesTracker.release.xcconfig */;
			buildSettings = {
				ASSETCATALOG_COMPILER_APPICON_NAME = AppIcon;
				CODE_SIGN_STYLE = Automatic;
				DEVELOPMENT_ASSET_PATHS = "\"ExpensesTracker/Preview Content\"";
				DEVELOPMENT_TEAM = TP338A8XKT;
				ENABLE_PREVIEWS = YES;
				INFOPLIST_FILE = ExpensesTracker/Info.plist;
				LD_RUNPATH_SEARCH_PATHS = (
					"$(inherited)",
					"@executable_path/Frameworks",
				);
				PRODUCT_BUNDLE_IDENTIFIER = com.hajjar.ExpensesTracker;
				PRODUCT_NAME = "$(TARGET_NAME)";
				SWIFT_VERSION = 5.0;
				TARGETED_DEVICE_FAMILY = "1,2";
			};
			name = Release;
		};
/* End XCBuildConfiguration section */

/* Begin XCConfigurationList section */
		EBDAAA2F24F477DD0040E1D6 /* Build configuration list for PBXProject "ExpensesTracker" */ = {
			isa = XCConfigurationList;
			buildConfigurations = (
				EBDAAA4624F477DE0040E1D6 /* Debug */,
				EBDAAA4724F477DE0040E1D6 /* Release */,
			);
			defaultConfigurationIsVisible = 0;
			defaultConfigurationName = Release;
		};
		EBDAAA4824F477DE0040E1D6 /* Build configuration list for PBXNativeTarget "ExpensesTracker" */ = {
			isa = XCConfigurationList;
			buildConfigurations = (
				EBDAAA4924F477DE0040E1D6 /* Debug */,
				EBDAAA4A24F477DE0040E1D6 /* Release */,
			);
			defaultConfigurationIsVisible = 0;
			defaultConfigurationName = Release;
		};
/* End XCConfigurationList section */
	};
	rootObject = EBDAAA2C24F477DD0040E1D6 /* Project object */;
}
